
Microsoft Visual Studio Solution File, Format Version 12.00
# Visual Studio Version 16
VisualStudioVersion = 16.0.31613.86
MinimumVisualStudioVersion = 10.0.40219.1
Project("{FAE04EC0-301F-11D3-BF4B-00C04F79EFBC}") = "Giles_Lab6", "Giles_Lab6.csproj", "{CF335B02-21EE-4A03-92B0-4968DA20938E}"
EndProject
Global
	GlobalSection(SolutionConfigurationPlatforms) = preSolution
		Debug|Any CPU = Debug|Any CPU
		Release|Any CPU = Release|Any CPU
	EndGlobalSection
	GlobalSection(ProjectConfigurationPlatforms) = postSolution
		{CF335B02-21EE-4A03-92B0-4968DA20938E}.Debug|Any CPU.ActiveCfg = Debug|Any CPU
		{CF335B02-21EE-4A03-92B0-4968DA20938E}.Debug|Any CPU.Build.0 = Debug|Any CPU
		{CF335B02-21EE-4A03-92B0-4968DA20938E}.Release|Any CPU.ActiveCfg = Release|Any CPU
		{CF335B02-21EE-4A03-92B0-4968DA20938E}.Release|Any CPU.Build.0 = Release|Any CPU
	EndGlobalSection
	GlobalSection(SolutionProperties) = preSolution
		HideSolutionNode = FALSE
	EndGlobalSection
	GlobalSection(ExtensibilityGlobals) = postSolution
		SolutionGuid = {675529BE-AFCC-4528-B6AF-5D2BBC3ABAC2}
	EndGlobalSection
EndGlobal
